
Microsoft Visual Studio Solution File, Format Version 12.00
# Visual Studio Version 17
VisualStudioVersion = 17.13.35931.197 d17.13
MinimumVisualStudioVersion = 10.0.40219.1
Project("{54A90642-561A-4BB1-A94E-469ADEE60C69}") = "SignageManagement", "SignageManagement\SignageManagement.esproj", "{AB1BCA0E-0620-2924-A0B3-A9357AC59869}"
EndProject
Global
	GlobalSection(SolutionConfigurationPlatforms) = preSolution
		Debug|Any CPU = Debug|Any CPU
		Release|Any CPU = Release|Any CPU
	EndGlobalSection
	GlobalSection(ProjectConfigurationPlatforms) = postSolution
		{AB1BCA0E-0620-2924-A0B3-A9357AC59869}.Debug|Any CPU.ActiveCfg = Debug|Any CPU
		{AB1BCA0E-0620-2924-A0B3-A9357AC59869}.Debug|Any CPU.Build.0 = Debug|Any CPU
		{AB1BCA0E-0620-2924-A0B3-A9357AC59869}.Debug|Any CPU.Deploy.0 = Debug|Any CPU
		{AB1BCA0E-0620-2924-A0B3-A9357AC59869}.Release|Any CPU.ActiveCfg = Release|Any CPU
		{AB1BCA0E-0620-2924-A0B3-A9357AC59869}.Release|Any CPU.Build.0 = Release|Any CPU
		{AB1BCA0E-0620-2924-A0B3-A9357AC59869}.Release|Any CPU.Deploy.0 = Release|Any CPU
	EndGlobalSection
	GlobalSection(SolutionProperties) = preSolution
		HideSolutionNode = FALSE
	EndGlobalSection
	GlobalSection(ExtensibilityGlobals) = postSolution
		SolutionGuid = {10BF9A56-4A65-422D-ADE8-8E4CEF5C5063}
	EndGlobalSection
EndGlobal
